
Microsoft Visual Studio Solution File, Format Version 12.00
# Visual Studio 14
VisualStudioVersion = 14.0.23107.0
MinimumVisualStudioVersion = 10.0.40219.1
Project("{FAE04EC0-301F-11D3-BF4B-00C04F79EFBC}") = "Foundatio.Postgresql", "Foundatio.Queues.Postgresql\Foundatio.Postgresql.csproj", "{2CFD715D-1BF4-409D-9FC4-60A29556757C}"
EndProject
Project("{FAE04EC0-301F-11D3-BF4B-00C04F79EFBC}") = "Foundatio.Postgresql.Tests", "Foundatio.Postgresql.Tests\Foundatio.Postgresql.Tests.csproj", "{90381A6F-7D44-4FB6-9BD1-65F5F19A305D}"
EndProject
Global
	GlobalSection(SolutionConfigurationPlatforms) = preSolution
		Debug|Any CPU = Debug|Any CPU
		Release|Any CPU = Release|Any CPU
	EndGlobalSection
	GlobalSection(ProjectConfigurationPlatforms) = postSolution
		{2CFD715D-1BF4-409D-9FC4-60A29556757C}.Debug|Any CPU.ActiveCfg = Debug|Any CPU
		{2CFD715D-1BF4-409D-9FC4-60A29556757C}.Debug|Any CPU.Build.0 = Debug|Any CPU
		{2CFD715D-1BF4-409D-9FC4-60A29556757C}.Release|Any CPU.ActiveCfg = Release|Any CPU
		{2CFD715D-1BF4-409D-9FC4-60A29556757C}.Release|Any CPU.Build.0 = Release|Any CPU
		{90381A6F-7D44-4FB6-9BD1-65F5F19A305D}.Debug|Any CPU.ActiveCfg = Debug|Any CPU
		{90381A6F-7D44-4FB6-9BD1-65F5F19A305D}.Debug|Any CPU.Build.0 = Debug|Any CPU
		{90381A6F-7D44-4FB6-9BD1-65F5F19A305D}.Release|Any CPU.ActiveCfg = Release|Any CPU
		{90381A6F-7D44-4FB6-9BD1-65F5F19A305D}.Release|Any CPU.Build.0 = Release|Any CPU
	EndGlobalSection
	GlobalSection(SolutionProperties) = preSolution
		HideSolutionNode = FALSE
	EndGlobalSection
EndGlobal
